<?xml version="1.0" encoding="utf-8"?>
<Project ToolsVersion="4.0" xmlns="http://schemas.microsoft.com/developer/msbuild/2003">
  <ItemGroup>
    <Filter Include="Source Files">
      <UniqueIdentifier>{4FC737F1-C7A5-4376-A066-2A32D752A2FF}</UniqueIdentifier>
      <Extensions>cpp;c;cc;cxx;c++;cppm;ixx;def;odl;idl;hpj;bat;asm;asmx</Extensions>
    </Filter>
    <Filter Include="Header Files">
      <UniqueIdentifier>{93995380-89BD-4b04-88EB-625FBE52EBFB}</UniqueIdentifier>
      <Extensions>h;hh;hpp;hxx;h++;hm;inl;inc;ipp;xsd</Extensions>
    </Filter>
    <Filter Include="Resource Files">
      <UniqueIdentifier>{67DA6AB6-F800-4c08-8B7A-83BB121AAD01}</UniqueIdentifier>
      <Extensions>rc;ico;cur;bmp;dlg;rc2;rct;bin;rgs;gif;jpg;jpeg;jpe;resx;tiff;tif;png;wav;mfcribbon-ms</Extensions>
    </Filter>
    <Filter Include="Texts">
      <UniqueIdentifier>{f819cc07-67ee-48e5-87f8-e26b713ac8bc}</UniqueIdentifier>
    </Filter>
    <Filter Include="Source Files\STEP">
      <UniqueIdentifier>{4f9d7bc8-834a-4271-a4c2-7381bb0a83cf}</UniqueIdentifier>
    </Filter>
    <Filter Include="Textures">
      <UniqueIdentifier>{7cd75840-9f09-4033-9cae-818348bc468d}</UniqueIdentifier>
    </Filter>
  </ItemGroup>
  <ItemGroup>
    <ClCompile Include="Tutorial.cpp">
      <Filter>Source Files</Filter>
    </ClCompile>
    <ClCompile Include="XMovingTriangle.cpp">
      <Filter>Source Files</Filter>
    </ClCompile>
    <ClCompile Include="Transform.cpp">
      <Filter>Source Files</Filter>
    </ClCompile>
    <ClCompile Include="BasicOperation.cpp">
      <Filter>Source Files</Filter>
    </ClCompile>
    <ClCompile Include="BasicCleanUp.cpp">
      <Filter>Source Files</Filter>
    </ClCompile>
    <ClCompile Include="Mesh.cpp">
      <Filter>Source Files</Filter>
    </ClCompile>
    <ClCompile Include="Shader.cpp">
      <Filter>Source Files</Filter>
    </ClCompile>
    <ClCompile Include="Window.cpp">
      <Filter>Source Files</Filter>
    </ClCompile>
    <ClCompile Include="CameraSample.cpp">
      <Filter>Source Files</Filter>
    </ClCompile>
    <ClCompile Include="Camera.cpp">
      <Filter>Source Files</Filter>
    </ClCompile>
    <ClCompile Include="StepPractice.cpp">
      <Filter>Source Files\STEP</Filter>
    </ClCompile>
    <ClCompile Include="StepVertex.cpp">
      <Filter>Source Files\STEP</Filter>
    </ClCompile>
    <ClCompile Include="StepEdgeLine.cpp">
      <Filter>Source Files\STEP</Filter>
    </ClCompile>
    <ClCompile Include="StepEdge.cpp">
      <Filter>Source Files\STEP</Filter>
    </ClCompile>
    <ClCompile Include="StepData.cpp">
      <Filter>Source Files\STEP</Filter>
    </ClCompile>
    <ClCompile Include="StepLoop.cpp">
      <Filter>Source Files\STEP</Filter>
    </ClCompile>
    <ClCompile Include="UserPolygon.cpp">
      <Filter>Source Files</Filter>
    </ClCompile>
    <ClCompile Include="TextureSample.cpp">
      <Filter>Source Files</Filter>
    </ClCompile>
    <ClCompile Include="Texture.cpp">
      <Filter>Source Files</Filter>
    </ClCompile>
    <ClCompile Include="LightSample.cpp">
      <Filter>Source Files</Filter>
    </ClCompile>
  </ItemGroup>
  <ItemGroup>
    <ClInclude Include="GlCommon.h">
      <Filter>Header Files</Filter>
    </ClInclude>
    <ClInclude Include="GlProgramSource.h">
      <Filter>Header Files</Filter>
    </ClInclude>
    <ClInclude Include="Mesh.h">
      <Filter>Header Files</Filter>
    </ClInclude>
    <ClInclude Include="Shader.h">
      <Filter>Header Files</Filter>
    </ClInclude>
    <ClInclude Include="Window.h">
      <Filter>Header Files</Filter>
    </ClInclude>
    <ClInclude Include="Camera.h">
      <Filter>Header Files</Filter>
    </ClInclude>
    <ClInclude Include="StepData.h">
      <Filter>Header Files</Filter>
    </ClInclude>
    <ClInclude Include="StepVertex.h">
      <Filter>Header Files</Filter>
    </ClInclude>
    <ClInclude Include="StepEdge.h">
      <Filter>Header Files</Filter>
    </ClInclude>
    <ClInclude Include="StepEdgeLine.h">
      <Filter>Header Files</Filter>
    </ClInclude>
    <ClInclude Include="StepLoop.h">
      <Filter>Header Files</Filter>
    </ClInclude>
    <ClInclude Include="UserPolygon.h">
      <Filter>Header Files</Filter>
    </ClInclude>
    <ClInclude Include="Texture.h">
      <Filter>Header Files</Filter>
    </ClInclude>
  </ItemGroup>
  <ItemGroup>
    <CopyFileToFolders Include="Shaders\shader.frag">
      <Filter>Texts</Filter>
    </CopyFileToFolders>
    <CopyFileToFolders Include="Shaders\shader.vert">
      <Filter>Texts</Filter>
    </CopyFileToFolders>
    <CopyFileToFolders Include="StepData\step_elements.csv">
      <Filter>Texts</Filter>
    </CopyFileToFolders>
    <CopyFileToFolders Include="Shaders\user_shader.frag">
      <Filter>Texts</Filter>
    </CopyFileToFolders>
    <CopyFileToFolders Include="Shaders\user_shader.vert">
      <Filter>Texts</Filter>
    </CopyFileToFolders>
    <CopyFileToFolders Include="Textures\brick.png">
      <Filter>Textures</Filter>
    </CopyFileToFolders>
    <CopyFileToFolders Include="Textures\dirt.png">
      <Filter>Textures</Filter>
    </CopyFileToFolders>
  </ItemGroup>
  <ItemGroup>
    <None Include="StepData\BSP35B20-N-12.stp.csv">
      <Filter>Texts</Filter>
    </None>
    <None Include="StepData\KANA_NK35B10D9_K.stp.csv">
      <Filter>Texts</Filter>
    </None>
  </ItemGroup>
</Project>